
Microsoft Visual Studio Solution File, Format Version 12.00
# Visual Studio Version 17
VisualStudioVersion = 17.4.33213.308
MinimumVisualStudioVersion = 10.0.40219.1
Project("{9A19103F-16F7-4668-BE54-9A1E7A4F7556}") = "MonaJsonToMsp", "MonaJsonToMsp\MonaJsonToMsp.csproj", "{561DCE89-75D1-4624-9699-EB9C17AC097D}"
EndProject
Global
	GlobalSection(SolutionConfigurationPlatforms) = preSolution
		Debug|Any CPU = Debug|Any CPU
		Release|Any CPU = Release|Any CPU
	EndGlobalSection
	GlobalSection(ProjectConfigurationPlatforms) = postSolution
		{561DCE89-75D1-4624-9699-EB9C17AC097D}.Debug|Any CPU.ActiveCfg = Debug|Any CPU
		{561DCE89-75D1-4624-9699-EB9C17AC097D}.Debug|Any CPU.Build.0 = Debug|Any CPU
		{561DCE89-75D1-4624-9699-EB9C17AC097D}.Release|Any CPU.ActiveCfg = Release|Any CPU
		{561DCE89-75D1-4624-9699-EB9C17AC097D}.Release|Any CPU.Build.0 = Release|Any CPU
	EndGlobalSection
	GlobalSection(SolutionProperties) = preSolution
		HideSolutionNode = FALSE
	EndGlobalSection
	GlobalSection(ExtensibilityGlobals) = postSolution
		SolutionGuid = {F9C1D188-D4D2-4FB9-AEBC-B62FD01EA039}
	EndGlobalSection
EndGlobal
